
Microsoft Visual Studio Solution File, Format Version 12.00
# Visual Studio 15
VisualStudioVersion = 15.0.28010.2048
MinimumVisualStudioVersion = 10.0.40219.1
Project("{FAE04EC0-301F-11D3-BF4B-00C04F79EFBC}") = "RazorScriptureApp", "RazorScriptureApp\RazorScriptureApp.csproj", "{954BF194-91BC-43C2-812F-C112131F9866}"
EndProject
Global
	GlobalSection(SolutionConfigurationPlatforms) = preSolution
		Debug|Any CPU = Debug|Any CPU
		Release|Any CPU = Release|Any CPU
	EndGlobalSection
	GlobalSection(ProjectConfigurationPlatforms) = postSolution
		{954BF194-91BC-43C2-812F-C112131F9866}.Debug|Any CPU.ActiveCfg = Debug|Any CPU
		{954BF194-91BC-43C2-812F-C112131F9866}.Debug|Any CPU.Build.0 = Debug|Any CPU
		{954BF194-91BC-43C2-812F-C112131F9866}.Release|Any CPU.ActiveCfg = Release|Any CPU
		{954BF194-91BC-43C2-812F-C112131F9866}.Release|Any CPU.Build.0 = Release|Any CPU
	EndGlobalSection
	GlobalSection(SolutionProperties) = preSolution
		HideSolutionNode = FALSE
	EndGlobalSection
	GlobalSection(ExtensibilityGlobals) = postSolution
		SolutionGuid = {09BBDFD4-53BE-470D-AE35-BED383702C50}
	EndGlobalSection
EndGlobal
